
Microsoft Visual Studio Solution File, Format Version 12.00
# Visual Studio Version 17
VisualStudioVersion = 17.11.35312.102
MinimumVisualStudioVersion = 10.0.40219.1
Project("{9A19103F-16F7-4668-BE54-9A1E7A4F7556}") = "MarcasAutos.Api", "MarcasAutos.Api\MarcasAutos.Api.csproj", "{C0147306-AC39-4315-B3D5-2F49582C0DF9}"
EndProject
Project("{9A19103F-16F7-4668-BE54-9A1E7A4F7556}") = "MarcasAutos.Infrastructure", "MarcasAutos.Infrastructure\MarcasAutos.Infrastructure.csproj", "{E3E0C240-6834-425B-904D-315DF214EB82}"
EndProject
Project("{E53339B2-1760-4266-BCC7-CA923CBCF16C}") = "docker-compose", "docker-compose.dcproj", "{413FCC84-1BAF-4CE2-B965-DA99FAE895F9}"
EndProject
Global
	GlobalSection(SolutionConfigurationPlatforms) = preSolution
		Debug|Any CPU = Debug|Any CPU
		Release|Any CPU = Release|Any CPU
	EndGlobalSection
	GlobalSection(ProjectConfigurationPlatforms) = postSolution
		{C0147306-AC39-4315-B3D5-2F49582C0DF9}.Debug|Any CPU.ActiveCfg = Debug|Any CPU
		{C0147306-AC39-4315-B3D5-2F49582C0DF9}.Debug|Any CPU.Build.0 = Debug|Any CPU
		{C0147306-AC39-4315-B3D5-2F49582C0DF9}.Release|Any CPU.ActiveCfg = Release|Any CPU
		{C0147306-AC39-4315-B3D5-2F49582C0DF9}.Release|Any CPU.Build.0 = Release|Any CPU
		{E3E0C240-6834-425B-904D-315DF214EB82}.Debug|Any CPU.ActiveCfg = Debug|Any CPU
		{E3E0C240-6834-425B-904D-315DF214EB82}.Debug|Any CPU.Build.0 = Debug|Any CPU
		{E3E0C240-6834-425B-904D-315DF214EB82}.Release|Any CPU.ActiveCfg = Release|Any CPU
		{E3E0C240-6834-425B-904D-315DF214EB82}.Release|Any CPU.Build.0 = Release|Any CPU
		{413FCC84-1BAF-4CE2-B965-DA99FAE895F9}.Debug|Any CPU.ActiveCfg = Debug|Any CPU
		{413FCC84-1BAF-4CE2-B965-DA99FAE895F9}.Debug|Any CPU.Build.0 = Debug|Any CPU
		{413FCC84-1BAF-4CE2-B965-DA99FAE895F9}.Release|Any CPU.ActiveCfg = Release|Any CPU
		{413FCC84-1BAF-4CE2-B965-DA99FAE895F9}.Release|Any CPU.Build.0 = Release|Any CPU
	EndGlobalSection
	GlobalSection(SolutionProperties) = preSolution
		HideSolutionNode = FALSE
	EndGlobalSection
	GlobalSection(ExtensibilityGlobals) = postSolution
		SolutionGuid = {25881B2E-066B-4C0F-98E6-D3BDE30369B1}
	EndGlobalSection
EndGlobal
